
Microsoft Visual Studio Solution File, Format Version 12.00
# Visual Studio Version 16
VisualStudioVersion = 16.0.30320.27
MinimumVisualStudioVersion = 15.0.26124.0
Project("{9A19103F-16F7-4668-BE54-9A1E7A4F7556}") = "People.Service", "People.Service\People.Service.csproj", "{3AF36EB9-D3B3-4128-B671-9F17B290FD82}"
EndProject
Project("{2150E333-8FDC-42A3-9474-1A3956D46DE8}") = "Shared", "Shared", "{90A5EB0A-F918-416B-907D-91F2AF64FAAA}"
EndProject
Project("{9A19103F-16F7-4668-BE54-9A1E7A4F7556}") = "TaskAwait.Shared", "TaskAwait.Shared\TaskAwait.Shared.csproj", "{4E647369-DF08-4CDD-B7F7-BBB38C0EE3ED}"
EndProject
Project("{9A19103F-16F7-4668-BE54-9A1E7A4F7556}") = "TaskAwait.Library", "TaskAwait.Library\TaskAwait.Library.csproj", "{F43958A9-81BC-40BE-BB42-945CE3A15271}"
EndProject
Project("{2150E333-8FDC-42A3-9474-1A3956D46DE8}") = "Concurrent", "Concurrent", "{8EE3E7A5-D8A8-41AA-BF5D-C95943DCA44D}"
EndProject
Project("{2150E333-8FDC-42A3-9474-1A3956D46DE8}") = "Parallel", "Parallel", "{8006ECB5-1940-4B1E-98BA-9A2D0E812BB5}"
EndProject
Project("{9A19103F-16F7-4668-BE54-9A1E7A4F7556}") = "Concurrent.UI.Console", "Concurrent.UI.Console\Concurrent.UI.Console.csproj", "{34E780BC-E394-455D-A04C-361860DB2CB4}"
EndProject
Project("{9A19103F-16F7-4668-BE54-9A1E7A4F7556}") = "Concurrent.UI.Desktop", "Concurrent.UI.Desktop\Concurrent.UI.Desktop.csproj", "{FDB67A81-DCF8-4298-9F6F-2287F0DF0DCC}"
EndProject
Project("{9A19103F-16F7-4668-BE54-9A1E7A4F7556}") = "Concurrent.UI.Web", "Concurrent.UI.Web\Concurrent.UI.Web.csproj", "{FE5802EB-6675-4D18-922F-F18A5666AC07}"
EndProject
Project("{9A19103F-16F7-4668-BE54-9A1E7A4F7556}") = "Parallel.UI.Console", "Parallel.UI.Console\Parallel.UI.Console.csproj", "{7EE44119-B1AB-4632-A28F-5F658E5A64E2}"
EndProject
Project("{9A19103F-16F7-4668-BE54-9A1E7A4F7556}") = "Parallel.UI.Desktop", "Parallel.UI.Desktop\Parallel.UI.Desktop.csproj", "{D96ADFD9-1FCC-4C2D-AFFB-73327CD83291}"
EndProject
Project("{9A19103F-16F7-4668-BE54-9A1E7A4F7556}") = "Parallel.UI.Web", "Parallel.UI.Web\Parallel.UI.Web.csproj", "{F42D5B8B-04BC-465D-942A-AC34807ECB68}"
EndProject
Project("{2150E333-8FDC-42A3-9474-1A3956D46DE8}") = "ProgressReporting", "ProgressReporting", "{C5C718E2-DA00-435D-AE15-CD270CFBBFA6}"
EndProject
Project("{9A19103F-16F7-4668-BE54-9A1E7A4F7556}") = "ProgressReport.UI.Console", "ProgressReport.UI.Console\ProgressReport.UI.Console.csproj", "{0777C57E-2623-4292-BB94-D14928905E9A}"
EndProject
Project("{9A19103F-16F7-4668-BE54-9A1E7A4F7556}") = "ProgressReport.UI.Desktop", "ProgressReport.UI.Desktop\ProgressReport.UI.Desktop.csproj", "{D4869B7A-68C7-4C15-8DC1-C29072F0411C}"
EndProject
Global
	GlobalSection(SolutionConfigurationPlatforms) = preSolution
		Debug|Any CPU = Debug|Any CPU
		Debug|x64 = Debug|x64
		Debug|x86 = Debug|x86
		Release|Any CPU = Release|Any CPU
		Release|x64 = Release|x64
		Release|x86 = Release|x86
	EndGlobalSection
	GlobalSection(ProjectConfigurationPlatforms) = postSolution
		{3AF36EB9-D3B3-4128-B671-9F17B290FD82}.Debug|Any CPU.ActiveCfg = Debug|Any CPU
		{3AF36EB9-D3B3-4128-B671-9F17B290FD82}.Debug|Any CPU.Build.0 = Debug|Any CPU
		{3AF36EB9-D3B3-4128-B671-9F17B290FD82}.Debug|x64.ActiveCfg = Debug|Any CPU
		{3AF36EB9-D3B3-4128-B671-9F17B290FD82}.Debug|x64.Build.0 = Debug|Any CPU
		{3AF36EB9-D3B3-4128-B671-9F17B290FD82}.Debug|x86.ActiveCfg = Debug|Any CPU
		{3AF36EB9-D3B3-4128-B671-9F17B290FD82}.Debug|x86.Build.0 = Debug|Any CPU
		{3AF36EB9-D3B3-4128-B671-9F17B290FD82}.Release|Any CPU.ActiveCfg = Release|Any CPU
		{3AF36EB9-D3B3-4128-B671-9F17B290FD82}.Release|Any CPU.Build.0 = Release|Any CPU
		{3AF36EB9-D3B3-4128-B671-9F17B290FD82}.Release|x64.ActiveCfg = Release|Any CPU
		{3AF36EB9-D3B3-4128-B671-9F17B290FD82}.Release|x64.Build.0 = Release|Any CPU
		{3AF36EB9-D3B3-4128-B671-9F17B290FD82}.Release|x86.ActiveCfg = Release|Any CPU
		{3AF36EB9-D3B3-4128-B671-9F17B290FD82}.Release|x86.Build.0 = Release|Any CPU
		{4E647369-DF08-4CDD-B7F7-BBB38C0EE3ED}.Debug|Any CPU.ActiveCfg = Debug|Any CPU
		{4E647369-DF08-4CDD-B7F7-BBB38C0EE3ED}.Debug|Any CPU.Build.0 = Debug|Any CPU
		{4E647369-DF08-4CDD-B7F7-BBB38C0EE3ED}.Debug|x64.ActiveCfg = Debug|Any CPU
		{4E647369-DF08-4CDD-B7F7-BBB38C0EE3ED}.Debug|x64.Build.0 = Debug|Any CPU
		{4E647369-DF08-4CDD-B7F7-BBB38C0EE3ED}.Debug|x86.ActiveCfg = Debug|Any CPU
		{4E647369-DF08-4CDD-B7F7-BBB38C0EE3ED}.Debug|x86.Build.0 = Debug|Any CPU
		{4E647369-DF08-4CDD-B7F7-BBB38C0EE3ED}.Release|Any CPU.ActiveCfg = Release|Any CPU
		{4E647369-DF08-4CDD-B7F7-BBB38C0EE3ED}.Release|Any CPU.Build.0 = Release|Any CPU
		{4E647369-DF08-4CDD-B7F7-BBB38C0EE3ED}.Release|x64.ActiveCfg = Release|Any CPU
		{4E647369-DF08-4CDD-B7F7-BBB38C0EE3ED}.Release|x64.Build.0 = Release|Any CPU
		{4E647369-DF08-4CDD-B7F7-BBB38C0EE3ED}.Release|x86.ActiveCfg = Release|Any CPU
		{4E647369-DF08-4CDD-B7F7-BBB38C0EE3ED}.Release|x86.Build.0 = Release|Any CPU
		{F43958A9-81BC-40BE-BB42-945CE3A15271}.Debug|Any CPU.ActiveCfg = Debug|Any CPU
		{F43958A9-81BC-40BE-BB42-945CE3A15271}.Debug|Any CPU.Build.0 = Debug|Any CPU
		{F43958A9-81BC-40BE-BB42-945CE3A15271}.Debug|x64.ActiveCfg = Debug|Any CPU
		{F43958A9-81BC-40BE-BB42-945CE3A15271}.Debug|x64.Build.0 = Debug|Any CPU
		{F43958A9-81BC-40BE-BB42-945CE3A15271}.Debug|x86.ActiveCfg = Debug|Any CPU
		{F43958A9-81BC-40BE-BB42-945CE3A15271}.Debug|x86.Build.0 = Debug|Any CPU
		{F43958A9-81BC-40BE-BB42-945CE3A15271}.Release|Any CPU.ActiveCfg = Release|Any CPU
		{F43958A9-81BC-40BE-BB42-945CE3A15271}.Release|Any CPU.Build.0 = Release|Any CPU
		{F43958A9-81BC-40BE-BB42-945CE3A15271}.Release|x64.ActiveCfg = Release|Any CPU
		{F43958A9-81BC-40BE-BB42-945CE3A15271}.Release|x64.Build.0 = Release|Any CPU
		{F43958A9-81BC-40BE-BB42-945CE3A15271}.Release|x86.ActiveCfg = Release|Any CPU
		{F43958A9-81BC-40BE-BB42-945CE3A15271}.Release|x86.Build.0 = Release|Any CPU
		{34E780BC-E394-455D-A04C-361860DB2CB4}.Debug|Any CPU.ActiveCfg = Debug|Any CPU
		{34E780BC-E394-455D-A04C-361860DB2CB4}.Debug|Any CPU.Build.0 = Debug|Any CPU
		{34E780BC-E394-455D-A04C-361860DB2CB4}.Debug|x64.ActiveCfg = Debug|Any CPU
		{34E780BC-E394-455D-A04C-361860DB2CB4}.Debug|x64.Build.0 = Debug|Any CPU
		{34E780BC-E394-455D-A04C-361860DB2CB4}.Debug|x86.ActiveCfg = Debug|Any CPU
		{34E780BC-E394-455D-A04C-361860DB2CB4}.Debug|x86.Build.0 = Debug|Any CPU
		{34E780BC-E394-455D-A04C-361860DB2CB4}.Release|Any CPU.ActiveCfg = Release|Any CPU
		{34E780BC-E394-455D-A04C-361860DB2CB4}.Release|Any CPU.Build.0 = Release|Any CPU
		{34E780BC-E394-455D-A04C-361860DB2CB4}.Release|x64.ActiveCfg = Release|Any CPU
		{34E780BC-E394-455D-A04C-361860DB2CB4}.Release|x64.Build.0 = Release|Any CPU
		{34E780BC-E394-455D-A04C-361860DB2CB4}.Release|x86.ActiveCfg = Release|Any CPU
		{34E780BC-E394-455D-A04C-361860DB2CB4}.Release|x86.Build.0 = Release|Any CPU
		{FDB67A81-DCF8-4298-9F6F-2287F0DF0DCC}.Debug|Any CPU.ActiveCfg = Debug|Any CPU
		{FDB67A81-DCF8-4298-9F6F-2287F0DF0DCC}.Debug|Any CPU.Build.0 = Debug|Any CPU
		{FDB67A81-DCF8-4298-9F6F-2287F0DF0DCC}.Debug|x64.ActiveCfg = Debug|Any CPU
		{FDB67A81-DCF8-4298-9F6F-2287F0DF0DCC}.Debug|x64.Build.0 = Debug|Any CPU
		{FDB67A81-DCF8-4298-9F6F-2287F0DF0DCC}.Debug|x86.ActiveCfg = Debug|Any CPU
		{FDB67A81-DCF8-4298-9F6F-2287F0DF0DCC}.Debug|x86.Build.0 = Debug|Any CPU
		{FDB67A81-DCF8-4298-9F6F-2287F0DF0DCC}.Release|Any CPU.ActiveCfg = Release|Any CPU
		{FDB67A81-DCF8-4298-9F6F-2287F0DF0DCC}.Release|Any CPU.Build.0 = Release|Any CPU
		{FDB67A81-DCF8-4298-9F6F-2287F0DF0DCC}.Release|x64.ActiveCfg = Release|Any CPU
		{FDB67A81-DCF8-4298-9F6F-2287F0DF0DCC}.Release|x64.Build.0 = Release|Any CPU
		{FDB67A81-DCF8-4298-9F6F-2287F0DF0DCC}.Release|x86.ActiveCfg = Release|Any CPU
		{FDB67A81-DCF8-4298-9F6F-2287F0DF0DCC}.Release|x86.Build.0 = Release|Any CPU
		{FE5802EB-6675-4D18-922F-F18A5666AC07}.Debug|Any CPU.ActiveCfg = Debug|Any CPU
		{FE5802EB-6675-4D18-922F-F18A5666AC07}.Debug|Any CPU.Build.0 = Debug|Any CPU
		{FE5802EB-6675-4D18-922F-F18A5666AC07}.Debug|x64.ActiveCfg = Debug|Any CPU
		{FE5802EB-6675-4D18-922F-F18A5666AC07}.Debug|x64.Build.0 = Debug|Any CPU
		{FE5802EB-6675-4D18-922F-F18A5666AC07}.Debug|x86.ActiveCfg = Debug|Any CPU
		{FE5802EB-6675-4D18-922F-F18A5666AC07}.Debug|x86.Build.0 = Debug|Any CPU
		{FE5802EB-6675-4D18-922F-F18A5666AC07}.Release|Any CPU.ActiveCfg = Release|Any CPU
		{FE5802EB-6675-4D18-922F-F18A5666AC07}.Release|Any CPU.Build.0 = Release|Any CPU
		{FE5802EB-6675-4D18-922F-F18A5666AC07}.Release|x64.ActiveCfg = Release|Any CPU
		{FE5802EB-6675-4D18-922F-F18A5666AC07}.Release|x64.Build.0 = Release|Any CPU
		{FE5802EB-6675-4D18-922F-F18A5666AC07}.Release|x86.ActiveCfg = Release|Any CPU
		{FE5802EB-6675-4D18-922F-F18A5666AC07}.Release|x86.Build.0 = Release|Any CPU
		{7EE44119-B1AB-4632-A28F-5F658E5A64E2}.Debug|Any CPU.ActiveCfg = Debug|Any CPU
		{7EE44119-B1AB-4632-A28F-5F658E5A64E2}.Debug|Any CPU.Build.0 = Debug|Any CPU
		{7EE44119-B1AB-4632-A28F-5F658E5A64E2}.Debug|x64.ActiveCfg = Debug|Any CPU
		{7EE44119-B1AB-4632-A28F-5F658E5A64E2}.Debug|x64.Build.0 = Debug|Any CPU
		{7EE44119-B1AB-4632-A28F-5F658E5A64E2}.Debug|x86.ActiveCfg = Debug|Any CPU
		{7EE44119-B1AB-4632-A28F-5F658E5A64E2}.Debug|x86.Build.0 = Debug|Any CPU
		{7EE44119-B1AB-4632-A28F-5F658E5A64E2}.Release|Any CPU.ActiveCfg = Release|Any CPU
		{7EE44119-B1AB-4632-A28F-5F658E5A64E2}.Release|Any CPU.Build.0 = Release|Any CPU
		{7EE44119-B1AB-4632-A28F-5F658E5A64E2}.Release|x64.ActiveCfg = Release|Any CPU
		{7EE44119-B1AB-4632-A28F-5F658E5A64E2}.Release|x64.Build.0 = Release|Any CPU
		{7EE44119-B1AB-4632-A28F-5F658E5A64E2}.Release|x86.ActiveCfg = Release|Any CPU
		{7EE44119-B1AB-4632-A28F-5F658E5A64E2}.Release|x86.Build.0 = Release|Any CPU
		{D96ADFD9-1FCC-4C2D-AFFB-73327CD83291}.Debug|Any CPU.ActiveCfg = Debug|Any CPU
		{D96ADFD9-1FCC-4C2D-AFFB-73327CD83291}.Debug|Any CPU.Build.0 = Debug|Any CPU
		{D96ADFD9-1FCC-4C2D-AFFB-73327CD83291}.Debug|x64.ActiveCfg = Debug|Any CPU
		{D96ADFD9-1FCC-4C2D-AFFB-73327CD83291}.Debug|x64.Build.0 = Debug|Any CPU
		{D96ADFD9-1FCC-4C2D-AFFB-73327CD83291}.Debug|x86.ActiveCfg = Debug|Any CPU
		{D96ADFD9-1FCC-4C2D-AFFB-73327CD83291}.Debug|x86.Build.0 = Debug|Any CPU
		{D96ADFD9-1FCC-4C2D-AFFB-73327CD83291}.Release|Any CPU.ActiveCfg = Release|Any CPU
		{D96ADFD9-1FCC-4C2D-AFFB-73327CD83291}.Release|Any CPU.Build.0 = Release|Any CPU
		{D96ADFD9-1FCC-4C2D-AFFB-73327CD83291}.Release|x64.ActiveCfg = Release|Any CPU
		{D96ADFD9-1FCC-4C2D-AFFB-73327CD83291}.Release|x64.Build.0 = Release|Any CPU
		{D96ADFD9-1FCC-4C2D-AFFB-73327CD83291}.Release|x86.ActiveCfg = Release|Any CPU
		{D96ADFD9-1FCC-4C2D-AFFB-73327CD83291}.Release|x86.Build.0 = Release|Any CPU
		{F42D5B8B-04BC-465D-942A-AC34807ECB68}.Debug|Any CPU.ActiveCfg = Debug|Any CPU
		{F42D5B8B-04BC-465D-942A-AC34807ECB68}.Debug|Any CPU.Build.0 = Debug|Any CPU
		{F42D5B8B-04BC-465D-942A-AC34807ECB68}.Debug|x64.ActiveCfg = Debug|Any CPU
		{F42D5B8B-04BC-465D-942A-AC34807ECB68}.Debug|x64.Build.0 = Debug|Any CPU
		{F42D5B8B-04BC-465D-942A-AC34807ECB68}.Debug|x86.ActiveCfg = Debug|Any CPU
		{F42D5B8B-04BC-465D-942A-AC34807ECB68}.Debug|x86.Build.0 = Debug|Any CPU
		{F42D5B8B-04BC-465D-942A-AC34807ECB68}.Release|Any CPU.ActiveCfg = Release|Any CPU
		{F42D5B8B-04BC-465D-942A-AC34807ECB68}.Release|Any CPU.Build.0 = Release|Any CPU
		{F42D5B8B-04BC-465D-942A-AC34807ECB68}.Release|x64.ActiveCfg = Release|Any CPU
		{F42D5B8B-04BC-465D-942A-AC34807ECB68}.Release|x64.Build.0 = Release|Any CPU
		{F42D5B8B-04BC-465D-942A-AC34807ECB68}.Release|x86.ActiveCfg = Release|Any CPU
		{F42D5B8B-04BC-465D-942A-AC34807ECB68}.Release|x86.Build.0 = Release|Any CPU
		{0777C57E-2623-4292-BB94-D14928905E9A}.Debug|Any CPU.ActiveCfg = Debug|Any CPU
		{0777C57E-2623-4292-BB94-D14928905E9A}.Debug|Any CPU.Build.0 = Debug|Any CPU
		{0777C57E-2623-4292-BB94-D14928905E9A}.Debug|x64.ActiveCfg = Debug|Any CPU
		{0777C57E-2623-4292-BB94-D14928905E9A}.Debug|x64.Build.0 = Debug|Any CPU
		{0777C57E-2623-4292-BB94-D14928905E9A}.Debug|x86.ActiveCfg = Debug|Any CPU
		{0777C57E-2623-4292-BB94-D14928905E9A}.Debug|x86.Build.0 = Debug|Any CPU
		{0777C57E-2623-4292-BB94-D14928905E9A}.Release|Any CPU.ActiveCfg = Release|Any CPU
		{0777C57E-2623-4292-BB94-D14928905E9A}.Release|Any CPU.Build.0 = Release|Any CPU
		{0777C57E-2623-4292-BB94-D14928905E9A}.Release|x64.ActiveCfg = Release|Any CPU
		{0777C57E-2623-4292-BB94-D14928905E9A}.Release|x64.Build.0 = Release|Any CPU
		{0777C57E-2623-4292-BB94-D14928905E9A}.Release|x86.ActiveCfg = Release|Any CPU
		{0777C57E-2623-4292-BB94-D14928905E9A}.Release|x86.Build.0 = Release|Any CPU
		{D4869B7A-68C7-4C15-8DC1-C29072F0411C}.Debug|Any CPU.ActiveCfg = Debug|Any CPU
		{D4869B7A-68C7-4C15-8DC1-C29072F0411C}.Debug|Any CPU.Build.0 = Debug|Any CPU
		{D4869B7A-68C7-4C15-8DC1-C29072F0411C}.Debug|x64.ActiveCfg = Debug|Any CPU
		{D4869B7A-68C7-4C15-8DC1-C29072F0411C}.Debug|x64.Build.0 = Debug|Any CPU
		{D4869B7A-68C7-4C15-8DC1-C29072F0411C}.Debug|x86.ActiveCfg = Debug|Any CPU
		{D4869B7A-68C7-4C15-8DC1-C29072F0411C}.Debug|x86.Build.0 = Debug|Any CPU
		{D4869B7A-68C7-4C15-8DC1-C29072F0411C}.Release|Any CPU.ActiveCfg = Release|Any CPU
		{D4869B7A-68C7-4C15-8DC1-C29072F0411C}.Release|Any CPU.Build.0 = Release|Any CPU
		{D4869B7A-68C7-4C15-8DC1-C29072F0411C}.Release|x64.ActiveCfg = Release|Any CPU
		{D4869B7A-68C7-4C15-8DC1-C29072F0411C}.Release|x64.Build.0 = Release|Any CPU
		{D4869B7A-68C7-4C15-8DC1-C29072F0411C}.Release|x86.ActiveCfg = Release|Any CPU
		{D4869B7A-68C7-4C15-8DC1-C29072F0411C}.Release|x86.Build.0 = Release|Any CPU
	EndGlobalSection
	GlobalSection(SolutionProperties) = preSolution
		HideSolutionNode = FALSE
	EndGlobalSection
	GlobalSection(NestedProjects) = preSolution
		{3AF36EB9-D3B3-4128-B671-9F17B290FD82} = {90A5EB0A-F918-416B-907D-91F2AF64FAAA}
		{4E647369-DF08-4CDD-B7F7-BBB38C0EE3ED} = {90A5EB0A-F918-416B-907D-91F2AF64FAAA}
		{F43958A9-81BC-40BE-BB42-945CE3A15271} = {90A5EB0A-F918-416B-907D-91F2AF64FAAA}
		{34E780BC-E394-455D-A04C-361860DB2CB4} = {8EE3E7A5-D8A8-41AA-BF5D-C95943DCA44D}
		{FDB67A81-DCF8-4298-9F6F-2287F0DF0DCC} = {8EE3E7A5-D8A8-41AA-BF5D-C95943DCA44D}
		{FE5802EB-6675-4D18-922F-F18A5666AC07} = {8EE3E7A5-D8A8-41AA-BF5D-C95943DCA44D}
		{7EE44119-B1AB-4632-A28F-5F658E5A64E2} = {8006ECB5-1940-4B1E-98BA-9A2D0E812BB5}
		{D96ADFD9-1FCC-4C2D-AFFB-73327CD83291} = {8006ECB5-1940-4B1E-98BA-9A2D0E812BB5}
		{F42D5B8B-04BC-465D-942A-AC34807ECB68} = {8006ECB5-1940-4B1E-98BA-9A2D0E812BB5}
		{0777C57E-2623-4292-BB94-D14928905E9A} = {C5C718E2-DA00-435D-AE15-CD270CFBBFA6}
		{D4869B7A-68C7-4C15-8DC1-C29072F0411C} = {C5C718E2-DA00-435D-AE15-CD270CFBBFA6}
	EndGlobalSection
	GlobalSection(ExtensibilityGlobals) = postSolution
		SolutionGuid = {0F2CD2B4-388A-4627-BFE3-402537CAD316}
	EndGlobalSection
EndGlobal
